
Microsoft Visual Studio Solution File, Format Version 12.00
# Visual Studio 15
Project("{FAE04EC0-301F-11D3-BF4B-00C04F79EFBC}") = "PhotonUnityNetworking.Utilities", "PhotonUnityNetworking.Utilities.csproj", "{74345024-E236-0BBD-4892-E907F01B9430}"
EndProject
Project("{FAE04EC0-301F-11D3-BF4B-00C04F79EFBC}") = "Assembly-CSharp", "Assembly-CSharp.csproj", "{E54AA97B-9D9C-73B9-2F65-3BF70720D46A}"
EndProject
Project("{FAE04EC0-301F-11D3-BF4B-00C04F79EFBC}") = "PhotonChat", "PhotonChat.csproj", "{A9077E55-CFFA-2ADD-9A12-909CEC1C8EB4}"
EndProject
Project("{FAE04EC0-301F-11D3-BF4B-00C04F79EFBC}") = "PhotonUnityNetworking", "PhotonUnityNetworking.csproj", "{16880C44-74E4-7B3C-CB11-1EC197CDF565}"
EndProject
Project("{FAE04EC0-301F-11D3-BF4B-00C04F79EFBC}") = "PhotonRealtime", "PhotonRealtime.csproj", "{C1308689-E0CA-EB3F-FC5F-7A931113CCBE}"
EndProject
Project("{FAE04EC0-301F-11D3-BF4B-00C04F79EFBC}") = "Assembly-CSharp-Editor", "Assembly-CSharp-Editor.csproj", "{9DCAC88C-DF22-43D4-AE6B-8A8E4D7CBF2A}"
EndProject
Project("{FAE04EC0-301F-11D3-BF4B-00C04F79EFBC}") = "PhotonUnityNetworking.Editor", "PhotonUnityNetworking.Editor.csproj", "{A89403C3-21EB-F265-C8C3-61C05F4B1C08}"
EndProject
Project("{FAE04EC0-301F-11D3-BF4B-00C04F79EFBC}") = "PhotonUnityNetworking.Utilities.PhotonPlayer.Editor", "PhotonUnityNetworking.Utilities.PhotonPlayer.Editor.csproj", "{8D7DA007-3995-C43A-B0C9-6B87BCEE86A7}"
EndProject
Project("{FAE04EC0-301F-11D3-BF4B-00C04F79EFBC}") = "PhotonUnityNetworking.Utilities.Culling.Editor", "PhotonUnityNetworking.Utilities.Culling.Editor.csproj", "{870EFD88-6907-2261-40A4-1B099E211F63}"
EndProject
Global
	GlobalSection(SolutionConfigurationPlatforms) = preSolution
		Debug|Any CPU = Debug|Any CPU
		Release|Any CPU = Release|Any CPU
	EndGlobalSection
	GlobalSection(ProjectConfigurationPlatforms) = postSolution
		{74345024-E236-0BBD-4892-E907F01B9430}.Debug|Any CPU.ActiveCfg = Debug|Any CPU
		{74345024-E236-0BBD-4892-E907F01B9430}.Debug|Any CPU.Build.0 = Debug|Any CPU
		{74345024-E236-0BBD-4892-E907F01B9430}.Release|Any CPU.ActiveCfg = Release|Any CPU
		{74345024-E236-0BBD-4892-E907F01B9430}.Release|Any CPU.Build.0 = Release|Any CPU
		{E54AA97B-9D9C-73B9-2F65-3BF70720D46A}.Debug|Any CPU.ActiveCfg = Debug|Any CPU
		{E54AA97B-9D9C-73B9-2F65-3BF70720D46A}.Debug|Any CPU.Build.0 = Debug|Any CPU
		{E54AA97B-9D9C-73B9-2F65-3BF70720D46A}.Release|Any CPU.ActiveCfg = Release|Any CPU
		{E54AA97B-9D9C-73B9-2F65-3BF70720D46A}.Release|Any CPU.Build.0 = Release|Any CPU
		{A9077E55-CFFA-2ADD-9A12-909CEC1C8EB4}.Debug|Any CPU.ActiveCfg = Debug|Any CPU
		{A9077E55-CFFA-2ADD-9A12-909CEC1C8EB4}.Debug|Any CPU.Build.0 = Debug|Any CPU
		{A9077E55-CFFA-2ADD-9A12-909CEC1C8EB4}.Release|Any CPU.ActiveCfg = Release|Any CPU
		{A9077E55-CFFA-2ADD-9A12-909CEC1C8EB4}.Release|Any CPU.Build.0 = Release|Any CPU
		{16880C44-74E4-7B3C-CB11-1EC197CDF565}.Debug|Any CPU.ActiveCfg = Debug|Any CPU
		{16880C44-74E4-7B3C-CB11-1EC197CDF565}.Debug|Any CPU.Build.0 = Debug|Any CPU
		{16880C44-74E4-7B3C-CB11-1EC197CDF565}.Release|Any CPU.ActiveCfg = Release|Any CPU
		{16880C44-74E4-7B3C-CB11-1EC197CDF565}.Release|Any CPU.Build.0 = Release|Any CPU
		{C1308689-E0CA-EB3F-FC5F-7A931113CCBE}.Debug|Any CPU.ActiveCfg = Debug|Any CPU
		{C1308689-E0CA-EB3F-FC5F-7A931113CCBE}.Debug|Any CPU.Build.0 = Debug|Any CPU
		{C1308689-E0CA-EB3F-FC5F-7A931113CCBE}.Release|Any CPU.ActiveCfg = Release|Any CPU
		{C1308689-E0CA-EB3F-FC5F-7A931113CCBE}.Release|Any CPU.Build.0 = Release|Any CPU
		{9DCAC88C-DF22-43D4-AE6B-8A8E4D7CBF2A}.Debug|Any CPU.ActiveCfg = Debug|Any CPU
		{9DCAC88C-DF22-43D4-AE6B-8A8E4D7CBF2A}.Debug|Any CPU.Build.0 = Debug|Any CPU
		{9DCAC88C-DF22-43D4-AE6B-8A8E4D7CBF2A}.Release|Any CPU.ActiveCfg = Release|Any CPU
		{9DCAC88C-DF22-43D4-AE6B-8A8E4D7CBF2A}.Release|Any CPU.Build.0 = Release|Any CPU
		{A89403C3-21EB-F265-C8C3-61C05F4B1C08}.Debug|Any CPU.ActiveCfg = Debug|Any CPU
		{A89403C3-21EB-F265-C8C3-61C05F4B1C08}.Debug|Any CPU.Build.0 = Debug|Any CPU
		{A89403C3-21EB-F265-C8C3-61C05F4B1C08}.Release|Any CPU.ActiveCfg = Release|Any CPU
		{A89403C3-21EB-F265-C8C3-61C05F4B1C08}.Release|Any CPU.Build.0 = Release|Any CPU
		{8D7DA007-3995-C43A-B0C9-6B87BCEE86A7}.Debug|Any CPU.ActiveCfg = Debug|Any CPU
		{8D7DA007-3995-C43A-B0C9-6B87BCEE86A7}.Debug|Any CPU.Build.0 = Debug|Any CPU
		{8D7DA007-3995-C43A-B0C9-6B87BCEE86A7}.Release|Any CPU.ActiveCfg = Release|Any CPU
		{8D7DA007-3995-C43A-B0C9-6B87BCEE86A7}.Release|Any CPU.Build.0 = Release|Any CPU
		{870EFD88-6907-2261-40A4-1B099E211F63}.Debug|Any CPU.ActiveCfg = Debug|Any CPU
		{870EFD88-6907-2261-40A4-1B099E211F63}.Debug|Any CPU.Build.0 = Debug|Any CPU
		{870EFD88-6907-2261-40A4-1B099E211F63}.Release|Any CPU.ActiveCfg = Release|Any CPU
		{870EFD88-6907-2261-40A4-1B099E211F63}.Release|Any CPU.Build.0 = Release|Any CPU
	EndGlobalSection
	GlobalSection(SolutionProperties) = preSolution
		HideSolutionNode = FALSE
	EndGlobalSection
	GlobalSection(MonoDevelopProperties) = preSolution
		StartupItem = Assembly-CSharp.csproj
	EndGlobalSection
EndGlobal
